
Microsoft Visual Studio Solution File, Format Version 12.00
# Visual Studio Version 17
VisualStudioVersion = 17.2.32630.192
MinimumVisualStudioVersion = 10.0.40219.1
Project("{FAE04EC0-301F-11D3-BF4B-00C04F79EFBC}") = "UserManager.API", "UserManager.API\UserManager.API.csproj", "{95CF5645-B40F-4289-B588-F472C7946C19}"
EndProject
Project("{FAE04EC0-301F-11D3-BF4B-00C04F79EFBC}") = "UserManager.API.Test", "UserManager.API.Test\UserManager.API.Test.csproj", "{A99A27DF-76F5-4CEA-B5EB-D1F0E1F8099B}"
EndProject
Global
	GlobalSection(SolutionConfigurationPlatforms) = preSolution
		Debug|Any CPU = Debug|Any CPU
		Release|Any CPU = Release|Any CPU
	EndGlobalSection
	GlobalSection(ProjectConfigurationPlatforms) = postSolution
		{95CF5645-B40F-4289-B588-F472C7946C19}.Debug|Any CPU.ActiveCfg = Debug|Any CPU
		{95CF5645-B40F-4289-B588-F472C7946C19}.Debug|Any CPU.Build.0 = Debug|Any CPU
		{95CF5645-B40F-4289-B588-F472C7946C19}.Release|Any CPU.ActiveCfg = Release|Any CPU
		{95CF5645-B40F-4289-B588-F472C7946C19}.Release|Any CPU.Build.0 = Release|Any CPU
		{A99A27DF-76F5-4CEA-B5EB-D1F0E1F8099B}.Debug|Any CPU.ActiveCfg = Debug|Any CPU
		{A99A27DF-76F5-4CEA-B5EB-D1F0E1F8099B}.Debug|Any CPU.Build.0 = Debug|Any CPU
		{A99A27DF-76F5-4CEA-B5EB-D1F0E1F8099B}.Release|Any CPU.ActiveCfg = Release|Any CPU
		{A99A27DF-76F5-4CEA-B5EB-D1F0E1F8099B}.Release|Any CPU.Build.0 = Release|Any CPU
	EndGlobalSection
	GlobalSection(SolutionProperties) = preSolution
		HideSolutionNode = FALSE
	EndGlobalSection
	GlobalSection(ExtensibilityGlobals) = postSolution
		SolutionGuid = {0DFC304C-0D44-4DD5-B250-A426C6545DAA}
	EndGlobalSection
EndGlobal
